{
    "_meta": {
        "hash": {
            "sha256": "9a22a1e0b9eb5b957b301105750071d4f3ed4972a6b5953396b37545c99e69ac"
        },
        "pipfile-spec": 6,
        "requires": {
            "python_version": "3.9"
        },
        "sources": [
            {
                "name": "pypi",
                "url": "https://pypi.org/simple",
                "verify_ssl": true
            }
        ]
    },
    "default": {},
    "develop": {}
}
